
Microsoft Visual Studio Solution File, Format Version 12.00
Project("{FAE04EC0-301F-11D3-BF4B-00C04F79EFBC}") = "Seasonality", "Seasonality\Seasonality.csproj", "{E0E2F92E-557C-4A05-9D89-AA92A0BD75C4}"
EndProject
Global
	GlobalSection(SolutionConfigurationPlatforms) = preSolution
		Debug|Any CPU = Debug|Any CPU
		Release|Any CPU = Release|Any CPU
	EndGlobalSection
	GlobalSection(ProjectConfigurationPlatforms) = postSolution
		{E0E2F92E-557C-4A05-9D89-AA92A0BD75C4}.Debug|Any CPU.ActiveCfg = Debug|Any CPU
		{E0E2F92E-557C-4A05-9D89-AA92A0BD75C4}.Debug|Any CPU.Build.0 = Debug|Any CPU
		{E0E2F92E-557C-4A05-9D89-AA92A0BD75C4}.Release|Any CPU.ActiveCfg = Release|Any CPU
		{E0E2F92E-557C-4A05-9D89-AA92A0BD75C4}.Release|Any CPU.Build.0 = Release|Any CPU
	EndGlobalSection
EndGlobal
